
Microsoft Visual Studio Solution File, Format Version 12.00
Project("{FAE04EC0-301F-11D3-BF4B-00C04F79EFBC}") = "Carrot.Memory", "Carrot.Memory\Carrot.Memory.csproj", "{E526AC69-F5C4-4D1F-8C6E-C6815AABC280}"
EndProject
Project("{FAE04EC0-301F-11D3-BF4B-00C04F79EFBC}") = "Carrot.Memory.UnitTest", "Carrot.Memory.UnitTest\Carrot.Memory.UnitTest.csproj", "{28318100-AB65-412B-AFD6-709E3BFFDDF3}"
EndProject
Project("{FAE04EC0-301F-11D3-BF4B-00C04F79EFBC}") = "Carrot.Memory.Benchmarks", "Carrot.Memory.Benchmarks\Carrot.Memory.Benchmarks.csproj", "{7C5E50DA-AEF7-4DED-AE66-99ACAEA56E50}"
EndProject
Global
	GlobalSection(SolutionConfigurationPlatforms) = preSolution
		Debug|Any CPU = Debug|Any CPU
		Debug|x64 = Debug|x64
		Debug|x86 = Debug|x86
		Release|Any CPU = Release|Any CPU
		Release|x64 = Release|x64
		Release|x86 = Release|x86
	EndGlobalSection
	GlobalSection(ProjectConfigurationPlatforms) = postSolution
		{E526AC69-F5C4-4D1F-8C6E-C6815AABC280}.Debug|Any CPU.ActiveCfg = Debug|Any CPU
		{E526AC69-F5C4-4D1F-8C6E-C6815AABC280}.Debug|Any CPU.Build.0 = Debug|Any CPU
		{E526AC69-F5C4-4D1F-8C6E-C6815AABC280}.Debug|x64.ActiveCfg = Debug|Any CPU
		{E526AC69-F5C4-4D1F-8C6E-C6815AABC280}.Debug|x64.Build.0 = Debug|Any CPU
		{E526AC69-F5C4-4D1F-8C6E-C6815AABC280}.Debug|x86.ActiveCfg = Debug|Any CPU
		{E526AC69-F5C4-4D1F-8C6E-C6815AABC280}.Debug|x86.Build.0 = Debug|Any CPU
		{E526AC69-F5C4-4D1F-8C6E-C6815AABC280}.Release|Any CPU.ActiveCfg = Release|Any CPU
		{E526AC69-F5C4-4D1F-8C6E-C6815AABC280}.Release|Any CPU.Build.0 = Release|Any CPU
		{E526AC69-F5C4-4D1F-8C6E-C6815AABC280}.Release|x64.ActiveCfg = Release|Any CPU
		{E526AC69-F5C4-4D1F-8C6E-C6815AABC280}.Release|x64.Build.0 = Release|Any CPU
		{E526AC69-F5C4-4D1F-8C6E-C6815AABC280}.Release|x86.ActiveCfg = Release|Any CPU
		{E526AC69-F5C4-4D1F-8C6E-C6815AABC280}.Release|x86.Build.0 = Release|Any CPU
		{28318100-AB65-412B-AFD6-709E3BFFDDF3}.Debug|Any CPU.ActiveCfg = Debug|Any CPU
		{28318100-AB65-412B-AFD6-709E3BFFDDF3}.Debug|Any CPU.Build.0 = Debug|Any CPU
		{28318100-AB65-412B-AFD6-709E3BFFDDF3}.Debug|x64.ActiveCfg = Debug|Any CPU
		{28318100-AB65-412B-AFD6-709E3BFFDDF3}.Debug|x64.Build.0 = Debug|Any CPU
		{28318100-AB65-412B-AFD6-709E3BFFDDF3}.Debug|x86.ActiveCfg = Debug|Any CPU
		{28318100-AB65-412B-AFD6-709E3BFFDDF3}.Debug|x86.Build.0 = Debug|Any CPU
		{28318100-AB65-412B-AFD6-709E3BFFDDF3}.Release|Any CPU.ActiveCfg = Release|Any CPU
		{28318100-AB65-412B-AFD6-709E3BFFDDF3}.Release|Any CPU.Build.0 = Release|Any CPU
		{28318100-AB65-412B-AFD6-709E3BFFDDF3}.Release|x64.ActiveCfg = Release|Any CPU
		{28318100-AB65-412B-AFD6-709E3BFFDDF3}.Release|x64.Build.0 = Release|Any CPU
		{28318100-AB65-412B-AFD6-709E3BFFDDF3}.Release|x86.ActiveCfg = Release|Any CPU
		{28318100-AB65-412B-AFD6-709E3BFFDDF3}.Release|x86.Build.0 = Release|Any CPU
		{7C5E50DA-AEF7-4DED-AE66-99ACAEA56E50}.Debug|Any CPU.ActiveCfg = Debug|Any CPU
		{7C5E50DA-AEF7-4DED-AE66-99ACAEA56E50}.Debug|Any CPU.Build.0 = Debug|Any CPU
		{7C5E50DA-AEF7-4DED-AE66-99ACAEA56E50}.Debug|x64.ActiveCfg = Debug|Any CPU
		{7C5E50DA-AEF7-4DED-AE66-99ACAEA56E50}.Debug|x64.Build.0 = Debug|Any CPU
		{7C5E50DA-AEF7-4DED-AE66-99ACAEA56E50}.Debug|x86.ActiveCfg = Debug|Any CPU
		{7C5E50DA-AEF7-4DED-AE66-99ACAEA56E50}.Debug|x86.Build.0 = Debug|Any CPU
		{7C5E50DA-AEF7-4DED-AE66-99ACAEA56E50}.Release|Any CPU.ActiveCfg = Release|Any CPU
		{7C5E50DA-AEF7-4DED-AE66-99ACAEA56E50}.Release|Any CPU.Build.0 = Release|Any CPU
		{7C5E50DA-AEF7-4DED-AE66-99ACAEA56E50}.Release|x64.ActiveCfg = Release|Any CPU
		{7C5E50DA-AEF7-4DED-AE66-99ACAEA56E50}.Release|x64.Build.0 = Release|Any CPU
		{7C5E50DA-AEF7-4DED-AE66-99ACAEA56E50}.Release|x86.ActiveCfg = Release|Any CPU
		{7C5E50DA-AEF7-4DED-AE66-99ACAEA56E50}.Release|x86.Build.0 = Release|Any CPU
	EndGlobalSection
	GlobalSection(SolutionProperties) = preSolution
		HideSolutionNode = FALSE
	EndGlobalSection
EndGlobal
